Microsoft Visual Studio Solution File, Format Version 12.00
# Visual Studio Version 17
VisualStudioVersion = 17.5.2.0
MinimumVisualStudioVersion = 10.0.40219.1
Project("{FAE04EC0-301F-11D3-BF4B-00C04F79EFBC}") = "my-mvc-app", "my-mvc-app\my-mvc-app.csproj", "{A8CE723C-FE39-57E1-F11D-470C573779B4}"
EndProject
Global
	GlobalSection(SolutionConfigurationPlatforms) = preSolution
		Debug|Any CPU = Debug|Any CPU
		Release|Any CPU = Release|Any CPU
	EndGlobalSection
	GlobalSection(ProjectConfigurationPlatforms) = postSolution
		{A8CE723C-FE39-57E1-F11D-470C573779B4}.Debug|Any CPU.ActiveCfg = Debug|Any CPU
		{A8CE723C-FE39-57E1-F11D-470C573779B4}.Debug|Any CPU.Build.0 = Debug|Any CPU
		{A8CE723C-FE39-57E1-F11D-470C573779B4}.Release|Any CPU.ActiveCfg = Release|Any CPU
		{A8CE723C-FE39-57E1-F11D-470C573779B4}.Release|Any CPU.Build.0 = Release|Any CPU
	EndGlobalSection
	GlobalSection(SolutionProperties) = preSolution
		HideSolutionNode = FALSE
	EndGlobalSection
	GlobalSection(ExtensibilityGlobals) = postSolution
		SolutionGuid = {FD040B2E-6C3E-448D-8F5E-0A5332233C04}
	EndGlobalSection
EndGlobal
